[ "cowboy": {:git,"https://github.com/extend/cowboy.git","d3277b08ce81d6180ad68dc91d5edda00c426544",[]},
  "edown": {:git,"https://github.com/esl/edown.git","35f8296a25d14c5c1e3209399a2c1856700d9d5b",[]},
  "hackney": {:git,"https://github.com/benoitc/hackney.git","efd877f52733ccecf0ba1b5ed10783fe29d49b74",[]},
  "mimetypes": {:git,"https://github.com/spawngrid/mimetypes.git","d915b9f4414911fbc8ce0f2115bf946fdeb00b63",[]},
  "ranch": {:git,"https://github.com/extend/ranch.git","c3133bfbc324fbb9ac26ab689cd41dc362ad7c05",[]} ]